
Microsoft Visual Studio Solution File, Format Version 12.00
# Visual Studio 15
VisualStudioVersion = 15.0.28010.2026
MinimumVisualStudioVersion = 10.0.40219.1
Project("{9A19103F-16F7-4668-BE54-9A1E7A4F7556}") = "Hyprsoft.IoT.AppUpdates.Tests", "Hyprsoft.IoT.AppUpdates.Tests\Hyprsoft.IoT.AppUpdates.Tests.csproj", "{038C0832-FB6E-4F5D-A8B2-F5C47C4FA52F}"
EndProject
Project("{2150E333-8FDC-42A3-9474-1A3956D46DE8}") = "Testing", "Testing", "{8E8178DD-39AC-4984-B66F-1FB167AD1608}"
	ProjectSection(SolutionItems) = preProject
		install.bat = install.bat
	EndProjectSection
EndProject
Project("{2150E333-8FDC-42A3-9474-1A3956D46DE8}") = "Data", "Data", "{2CE88A93-6A54-45FF-8911-5FE508C8C96F}"
	ProjectSection(SolutionItems) = preProject
		Testing\Data\app-updates-manifest.json = Testing\Data\app-updates-manifest.json
		Testing\Data\testapp01_1000.zip = Testing\Data\testapp01_1000.zip
		Testing\Data\testapp01_1010.zip = Testing\Data\testapp01_1010.zip
		Testing\Data\testapp02_1000.zip = Testing\Data\testapp02_1000.zip
		Testing\Data\testapp02_1010.zip = Testing\Data\testapp02_1010.zip
		Testing\Data\testapp02_1020.zip = Testing\Data\testapp02_1020.zip
	EndProjectSection
EndProject
Project("{9A19103F-16F7-4668-BE54-9A1E7A4F7556}") = "Hyprsoft.IoT.AppUpdates.TestApp", "Hyprsoft.IoT.AppUpdates.TestApp\Hyprsoft.IoT.AppUpdates.TestApp.csproj", "{60D3BD28-3613-40C5-8235-3CF92BC2E608}"
EndProject
Project("{9A19103F-16F7-4668-BE54-9A1E7A4F7556}") = "Hyprsoft.IoT.AppUpdates.Service", "Hyprsoft.IoT.AppUpdates.Service\Hyprsoft.IoT.AppUpdates.Service.csproj", "{B12D748E-6BD5-469E-9F74-C4D03A3864EF}"
EndProject
Project("{9A19103F-16F7-4668-BE54-9A1E7A4F7556}") = "Hyprsoft.IoT.AppUpdates", "Hyprsoft.IoT.AppUpdates\Hyprsoft.IoT.AppUpdates.csproj", "{9651315D-692D-4FBD-AB0D-CE8CF71B8C53}"
EndProject
Project("{2150E333-8FDC-42A3-9474-1A3956D46DE8}") = "Solution Items", "Solution Items", "{3BDFEB80-709D-4776-B972-47DA1AB480EF}"
	ProjectSection(SolutionItems) = preProject
		README.md = README.md
	EndProjectSection
EndProject
Project("{9A19103F-16F7-4668-BE54-9A1E7A4F7556}") = "Hyprsoft.IoT.AppUpdates.Web", "Hyprsoft.IoT.AppUpdates.Web\Hyprsoft.IoT.AppUpdates.Web.csproj", "{7A6758B3-B413-4760-9D98-248682F9CB5C}"
EndProject
Project("{9A19103F-16F7-4668-BE54-9A1E7A4F7556}") = "Hyprsoft.IoT.AppUpdates.TestWeb", "Hyprsoft.IoT.AppUpdates.TestWeb\Hyprsoft.IoT.AppUpdates.TestWeb.csproj", "{FDADD182-EBFB-4A72-AC2E-902831CADFFD}"
EndProject
Project("{2150E333-8FDC-42A3-9474-1A3956D46DE8}") = "Media", "Media", "{6EC7535D-0724-487C-8854-A8B942760EE7}"
	ProjectSection(SolutionItems) = preProject
		Media\apps-add-thumb.png = Media\apps-add-thumb.png
		Media\apps-edit-thumb.png = Media\apps-edit-thumb.png
		Media\apps-list-thumb.png = Media\apps-list-thumb.png
		Media\file-properties.jpg = Media\file-properties.jpg
		Media\login-thumb.png = Media\login-thumb.png
		Media\packages-add-thumb.png = Media\packages-add-thumb.png
		Media\packages-edit-thumb.png = Media\packages-edit-thumb.png
	EndProjectSection
EndProject
Project("{2150E333-8FDC-42A3-9474-1A3956D46DE8}") = "NuGet", "NuGet", "{BE0DB9A2-6CA2-40A7-B5FF-D52ED603D820}"
	ProjectSection(SolutionItems) = preProject
		Nuget\CredentialProvider.VSS.exe = Nuget\CredentialProvider.VSS.exe
		Nuget\deploy.bat = Nuget\deploy.bat
		Nuget\NuGet.exe = Nuget\NuGet.exe
	EndProjectSection
EndProject
Global
	GlobalSection(SolutionConfigurationPlatforms) = preSolution
		Debug|Any CPU = Debug|Any CPU
		Release|Any CPU = Release|Any CPU
	EndGlobalSection
	GlobalSection(ProjectConfigurationPlatforms) = postSolution
		{038C0832-FB6E-4F5D-A8B2-F5C47C4FA52F}.Debug|Any CPU.ActiveCfg = Debug|Any CPU
		{038C0832-FB6E-4F5D-A8B2-F5C47C4FA52F}.Debug|Any CPU.Build.0 = Debug|Any CPU
		{038C0832-FB6E-4F5D-A8B2-F5C47C4FA52F}.Release|Any CPU.ActiveCfg = Release|Any CPU
		{60D3BD28-3613-40C5-8235-3CF92BC2E608}.Debug|Any CPU.ActiveCfg = Debug|Any CPU
		{60D3BD28-3613-40C5-8235-3CF92BC2E608}.Debug|Any CPU.Build.0 = Debug|Any CPU
		{60D3BD28-3613-40C5-8235-3CF92BC2E608}.Release|Any CPU.ActiveCfg = Release|Any CPU
		{60D3BD28-3613-40C5-8235-3CF92BC2E608}.Release|Any CPU.Build.0 = Release|Any CPU
		{B12D748E-6BD5-469E-9F74-C4D03A3864EF}.Debug|Any CPU.ActiveCfg = Debug|Any CPU
		{B12D748E-6BD5-469E-9F74-C4D03A3864EF}.Debug|Any CPU.Build.0 = Debug|Any CPU
		{B12D748E-6BD5-469E-9F74-C4D03A3864EF}.Release|Any CPU.ActiveCfg = Release|Any CPU
		{B12D748E-6BD5-469E-9F74-C4D03A3864EF}.Release|Any CPU.Build.0 = Release|Any CPU
		{9651315D-692D-4FBD-AB0D-CE8CF71B8C53}.Debug|Any CPU.ActiveCfg = Debug|Any CPU
		{9651315D-692D-4FBD-AB0D-CE8CF71B8C53}.Debug|Any CPU.Build.0 = Debug|Any CPU
		{9651315D-692D-4FBD-AB0D-CE8CF71B8C53}.Release|Any CPU.ActiveCfg = Release|Any CPU
		{9651315D-692D-4FBD-AB0D-CE8CF71B8C53}.Release|Any CPU.Build.0 = Release|Any CPU
		{7A6758B3-B413-4760-9D98-248682F9CB5C}.Debug|Any CPU.ActiveCfg = Debug|Any CPU
		{7A6758B3-B413-4760-9D98-248682F9CB5C}.Debug|Any CPU.Build.0 = Debug|Any CPU
		{7A6758B3-B413-4760-9D98-248682F9CB5C}.Release|Any CPU.ActiveCfg = Release|Any CPU
		{7A6758B3-B413-4760-9D98-248682F9CB5C}.Release|Any CPU.Build.0 = Release|Any CPU
		{FDADD182-EBFB-4A72-AC2E-902831CADFFD}.Debug|Any CPU.ActiveCfg = Debug|Any CPU
		{FDADD182-EBFB-4A72-AC2E-902831CADFFD}.Debug|Any CPU.Build.0 = Debug|Any CPU
		{FDADD182-EBFB-4A72-AC2E-902831CADFFD}.Release|Any CPU.ActiveCfg = Release|Any CPU
		{FDADD182-EBFB-4A72-AC2E-902831CADFFD}.Release|Any CPU.Build.0 = Release|Any CPU
	EndGlobalSection
	GlobalSection(SolutionProperties) = preSolution
		HideSolutionNode = FALSE
	EndGlobalSection
	GlobalSection(NestedProjects) = preSolution
		{2CE88A93-6A54-45FF-8911-5FE508C8C96F} = {8E8178DD-39AC-4984-B66F-1FB167AD1608}
		{6EC7535D-0724-487C-8854-A8B942760EE7} = {3BDFEB80-709D-4776-B972-47DA1AB480EF}
	EndGlobalSection
	GlobalSection(ExtensibilityGlobals) = postSolution
		SolutionGuid = {644AC415-44A3-4038-88C5-178AB1E37B21}
	EndGlobalSection
EndGlobal
